
Microsoft Visual Studio Solution File, Format Version 12.00
# Visual Studio 15
VisualStudioVersion = 15.0.28307.168
MinimumVisualStudioVersion = 10.0.40219.1
Project("{FAE04EC0-301F-11D3-BF4B-00C04F79EFBC}") = "MvcMovie", "MvcMovie\MvcMovie.csproj", "{1A6686F3-4A0E-4E5A-9D07-60792C64D050}"
EndProject
Global
	GlobalSection(SolutionConfigurationPlatforms) = preSolution
		Debug|Any CPU = Debug|Any CPU
		Release|Any CPU = Release|Any CPU
	EndGlobalSection
	GlobalSection(ProjectConfigurationPlatforms) = postSolution
		{1A6686F3-4A0E-4E5A-9D07-60792C64D050}.Debug|Any CPU.ActiveCfg = Debug|Any CPU
		{1A6686F3-4A0E-4E5A-9D07-60792C64D050}.Debug|Any CPU.Build.0 = Debug|Any CPU
		{1A6686F3-4A0E-4E5A-9D07-60792C64D050}.Release|Any CPU.ActiveCfg = Release|Any CPU
		{1A6686F3-4A0E-4E5A-9D07-60792C64D050}.Release|Any CPU.Build.0 = Release|Any CPU
	EndGlobalSection
	GlobalSection(SolutionProperties) = preSolution
		HideSolutionNode = FALSE
	EndGlobalSection
	GlobalSection(ExtensibilityGlobals) = postSolution
		SolutionGuid = {0F3DE365-B0A5-45E9-87B6-D9BC5BE82053}
	EndGlobalSection
EndGlobal
